PODS:
  - ImageViewer.swift (3.0):
    - Kingfisher
  - Kingfisher (5.12.0):
    - Kingfisher/Core (= 5.12.0)
  - Kingfisher/Core (5.12.0)

DEPENDENCIES:
  - ImageViewer.swift (from `./../`)

SPEC REPOS:
  trunk:
    - Kingfisher

EXTERNAL SOURCES:
  ImageViewer.swift:
    :path: "./../"

SPEC CHECKSUMS:
  ImageViewer.swift: 9bab2bed02fd769ea415793f3e32e084f28eab60
  Kingfisher: dc6e0f53bb5b12c3e75bedb0e01bbd7a640eea69

PODFILE CHECKSUM: 3cb622a244c4948f6d66f0aaa9d36294c3ab7fe1

COCOAPODS: 1.8.4
